
Microsoft Visual Studio Solution File, Format Version 12.00
# Visual Studio 14
VisualStudioVersion = 14.0.25420.1
MinimumVisualStudioVersion = 10.0.40219.1
Project("{FAE04EC0-301F-11D3-BF4B-00C04F79EFBC}") = "XComponent.MSBuild.Tasks", "XComponent.MSBuild.Tasks\XComponent.MSBuild.Tasks.csproj", "{C5CAC736-42E5-4EBA-BBD7-AD89BFCD7579}"
EndProject
Project("{FAE04EC0-301F-11D3-BF4B-00C04F79EFBC}") = "XComponent.MSBuild.Tasks.Test", "XComponent.MSBuild.Tasks.Test\XComponent.MSBuild.Tasks.Test.csproj", "{0B1110BD-7F24-4283-A0C6-F16A39C49E1B}"
EndProject
Global
	GlobalSection(SolutionConfigurationPlatforms) = preSolution
		Debug|Any CPU = Debug|Any CPU
		Release|Any CPU = Release|Any CPU
	EndGlobalSection
	GlobalSection(ProjectConfigurationPlatforms) = postSolution
		{C5CAC736-42E5-4EBA-BBD7-AD89BFCD7579}.Debug|Any CPU.ActiveCfg = Debug|Any CPU
		{C5CAC736-42E5-4EBA-BBD7-AD89BFCD7579}.Debug|Any CPU.Build.0 = Debug|Any CPU
		{C5CAC736-42E5-4EBA-BBD7-AD89BFCD7579}.Release|Any CPU.ActiveCfg = Release|Any CPU
		{C5CAC736-42E5-4EBA-BBD7-AD89BFCD7579}.Release|Any CPU.Build.0 = Release|Any CPU
		{0B1110BD-7F24-4283-A0C6-F16A39C49E1B}.Debug|Any CPU.ActiveCfg = Debug|Any CPU
		{0B1110BD-7F24-4283-A0C6-F16A39C49E1B}.Debug|Any CPU.Build.0 = Debug|Any CPU
		{0B1110BD-7F24-4283-A0C6-F16A39C49E1B}.Release|Any CPU.ActiveCfg = Release|Any CPU
		{0B1110BD-7F24-4283-A0C6-F16A39C49E1B}.Release|Any CPU.Build.0 = Release|Any CPU
	EndGlobalSection
	GlobalSection(SolutionProperties) = preSolution
		HideSolutionNode = FALSE
	EndGlobalSection
EndGlobal
